
Microsoft Visual Studio Solution File, Format Version 12.00
# Visual Studio Version 17
VisualStudioVersion = 17.9.34728.123
MinimumVisualStudioVersion = 10.0.40219.1
Project("{9A19103F-16F7-4668-BE54-9A1E7A4F7556}") = "Catalog.API", "Catalog.API.csproj", "{A88CF20E-4F54-473B-9DD2-2C335247242B}"
EndProject
Global
	GlobalSection(SolutionConfigurationPlatforms) = preSolution
		Debug|Any CPU = Debug|Any CPU
		Release|Any CPU = Release|Any CPU
	EndGlobalSection
	GlobalSection(ProjectConfigurationPlatforms) = postSolution
		{A88CF20E-4F54-473B-9DD2-2C335247242B}.Debug|Any CPU.ActiveCfg = Debug|Any CPU
		{A88CF20E-4F54-473B-9DD2-2C335247242B}.Debug|Any CPU.Build.0 = Debug|Any CPU
		{A88CF20E-4F54-473B-9DD2-2C335247242B}.Release|Any CPU.ActiveCfg = Release|Any CPU
		{A88CF20E-4F54-473B-9DD2-2C335247242B}.Release|Any CPU.Build.0 = Release|Any CPU
	EndGlobalSection
	GlobalSection(SolutionProperties) = preSolution
		HideSolutionNode = FALSE
	EndGlobalSection
	GlobalSection(ExtensibilityGlobals) = postSolution
		SolutionGuid = {667F86DE-CAC3-4A64-9DE4-B4B43C9E2C8C}
	EndGlobalSection
EndGlobal
